
Microsoft Visual Studio Solution File, Format Version 12.00
# Visual Studio 15
VisualStudioVersion = 15.0.27004.2006
MinimumVisualStudioVersion = 10.0.40219.1
Project("{FAE04EC0-301F-11D3-BF4B-00C04F79EFBC}") = "TSbb_Android", "TSbb_Android\TSbb_Android.csproj", "{F8084A97-F3B2-4605-8CB9-CBEC1CF3E3D9}"
	ProjectSection(ProjectDependencies) = postProject
		{EC105AF4-1B2F-41D9-93F2-675B27107E97} = {EC105AF4-1B2F-41D9-93F2-675B27107E97}
	EndProjectSection
EndProject
Project("{FAE04EC0-301F-11D3-BF4B-00C04F79EFBC}") = "TSbb_WPF", "TSbb_WPF\TSbb_WPF.csproj", "{00A0D2EC-2ED0-4AFD-B1BB-B34DFB54F876}"
	ProjectSection(ProjectDependencies) = postProject
		{EC105AF4-1B2F-41D9-93F2-675B27107E97} = {EC105AF4-1B2F-41D9-93F2-675B27107E97}
	EndProjectSection
EndProject
Project("{9A19103F-16F7-4668-BE54-9A1E7A4F7556}") = "TSbb_Library", "TSbb_Library\TSbb_Library.csproj", "{EC105AF4-1B2F-41D9-93F2-675B27107E97}"
EndProject
Global
	GlobalSection(SolutionConfigurationPlatforms) = preSolution
		Debug|x64 = Debug|x64
		Release|x64 = Release|x64
	EndGlobalSection
	GlobalSection(ProjectConfigurationPlatforms) = postSolution
		{F8084A97-F3B2-4605-8CB9-CBEC1CF3E3D9}.Debug|x64.ActiveCfg = Debug|Any CPU
		{F8084A97-F3B2-4605-8CB9-CBEC1CF3E3D9}.Debug|x64.Build.0 = Debug|Any CPU
		{F8084A97-F3B2-4605-8CB9-CBEC1CF3E3D9}.Debug|x64.Deploy.0 = Debug|Any CPU
		{F8084A97-F3B2-4605-8CB9-CBEC1CF3E3D9}.Release|x64.ActiveCfg = Release|Any CPU
		{F8084A97-F3B2-4605-8CB9-CBEC1CF3E3D9}.Release|x64.Build.0 = Release|Any CPU
		{F8084A97-F3B2-4605-8CB9-CBEC1CF3E3D9}.Release|x64.Deploy.0 = Release|Any CPU
		{00A0D2EC-2ED0-4AFD-B1BB-B34DFB54F876}.Debug|x64.ActiveCfg = Debug|Any CPU
		{00A0D2EC-2ED0-4AFD-B1BB-B34DFB54F876}.Debug|x64.Build.0 = Debug|Any CPU
		{00A0D2EC-2ED0-4AFD-B1BB-B34DFB54F876}.Release|x64.ActiveCfg = Release|Any CPU
		{00A0D2EC-2ED0-4AFD-B1BB-B34DFB54F876}.Release|x64.Build.0 = Release|Any CPU
		{EC105AF4-1B2F-41D9-93F2-675B27107E97}.Debug|x64.ActiveCfg = Debug|Any CPU
		{EC105AF4-1B2F-41D9-93F2-675B27107E97}.Debug|x64.Build.0 = Debug|Any CPU
		{EC105AF4-1B2F-41D9-93F2-675B27107E97}.Release|x64.ActiveCfg = Release|Any CPU
		{EC105AF4-1B2F-41D9-93F2-675B27107E97}.Release|x64.Build.0 = Release|Any CPU
	EndGlobalSection
	GlobalSection(SolutionProperties) = preSolution
		HideSolutionNode = FALSE
	EndGlobalSection
	GlobalSection(ExtensibilityGlobals) = postSolution
		SolutionGuid = {4C1FB9BD-5DEF-44E1-84C6-C985547E46E0}
	EndGlobalSection
EndGlobal
